// !$*UTF8*$!
{
	archiveVersion = 1;
	classes = {
	};
	objectVersion = 51;
	objects = {

/* Begin PBXBuildFile section */
		1825C45F6361E47E4FA94974 /* Pods_ScanTree.framework in Frameworks */ = {isa = PBXBuildFile; fileRef = BCD06D937B3FEB5D0FD679DD /* Pods_ScanTree.framework */; };
		B409A3B9232FDFFB00BBC330 /* ProductTableViewCell.swift in Sources */ = {isa = PBXBuildFile; fileRef = B409A3B7232FDFFB00BBC330 /* ProductTableViewCell.swift */; };
		B409A3BA232FDFFB00BBC330 /* ProductTableViewCell.xib in Resources */ = {isa = PBXBuildFile; fileRef = B409A3B8232FDFFB00BBC330 /* ProductTableViewCell.xib */; };
		B409A3C3232FEA4A00BBC330 /* ProductDetailsPresenter.swift in Sources */ = {isa = PBXBuildFile; fileRef = B409A3BC232FEA4A00BBC330 /* ProductDetailsPresenter.swift */; };
		B409A3C4232FEA4A00BBC330 /* ProductDetailsWorker.swift in Sources */ = {isa = PBXBuildFile; fileRef = B409A3BD232FEA4A00BBC330 /* ProductDetailsWorker.swift */; };
		B409A3C5232FEA4A00BBC330 /* ProductDetailsRouter.swift in Sources */ = {isa = PBXBuildFile; fileRef = B409A3BE232FEA4A00BBC330 /* ProductDetailsRouter.swift */; };
		B409A3C6232FEA4A00BBC330 /* ProductDetailsModels.swift in Sources */ = {isa = PBXBuildFile; fileRef = B409A3BF232FEA4A00BBC330 /* ProductDetailsModels.swift */; };
		B409A3C7232FEA4A00BBC330 /* ProductDetailsViewController.swift in Sources */ = {isa = PBXBuildFile; fileRef = B409A3C0232FEA4A00BBC330 /* ProductDetailsViewController.swift */; };
		B409A3C8232FEA4A00BBC330 /* ProductDetailsInteractor.swift in Sources */ = {isa = PBXBuildFile; fileRef = B409A3C1232FEA4A00BBC330 /* ProductDetailsInteractor.swift */; };
		B409A3C9232FEA4A00BBC330 /* ProductDetailsConfigurator.swift in Sources */ = {isa = PBXBuildFile; fileRef = B409A3C2232FEA4A00BBC330 /* ProductDetailsConfigurator.swift */; };
		B409A3D0232FF73600BBC330 /* DatabaseWorker.swift in Sources */ = {isa = PBXBuildFile; fileRef = B409A3CF232FF73600BBC330 /* DatabaseWorker.swift */; };
		B409A3D8232FF7FD00BBC330 /* ProductManagedObject+CoreDataClass.swift in Sources */ = {isa = PBXBuildFile; fileRef = B409A3D6232FF7FD00BBC330 /* ProductManagedObject+CoreDataClass.swift */; };
		B409A3D9232FF7FD00BBC330 /* ProductManagedObject+CoreDataProperties.swift in Sources */ = {isa = PBXBuildFile; fileRef = B409A3D7232FF7FD00BBC330 /* ProductManagedObject+CoreDataProperties.swift */; };
		B40F8E13232FD64C00088BA0 /* APIModels.swift in Sources */ = {isa = PBXBuildFile; fileRef = B40F8E12232FD64C00088BA0 /* APIModels.swift */; };
		B40F8E1B232FD69900088BA0 /* HomePresenter.swift in Sources */ = {isa = PBXBuildFile; fileRef = B40F8E14232FD69900088BA0 /* HomePresenter.swift */; };
		B40F8E1C232FD69900088BA0 /* HomeWorker.swift in Sources */ = {isa = PBXBuildFile; fileRef = B40F8E15232FD69900088BA0 /* HomeWorker.swift */; };
		B40F8E1D232FD69900088BA0 /* HomeRouter.swift in Sources */ = {isa = PBXBuildFile; fileRef = B40F8E16232FD69900088BA0 /* HomeRouter.swift */; };
		B40F8E1E232FD69900088BA0 /* HomeModels.swift in Sources */ = {isa = PBXBuildFile; fileRef = B40F8E17232FD69900088BA0 /* HomeModels.swift */; };
		B40F8E1F232FD69900088BA0 /* HomeViewController.swift in Sources */ = {isa = PBXBuildFile; fileRef = B40F8E18232FD69900088BA0 /* HomeViewController.swift */; };
		B40F8E20232FD69900088BA0 /* HomeInteractor.swift in Sources */ = {isa = PBXBuildFile; fileRef = B40F8E19232FD69900088BA0 /* HomeInteractor.swift */; };
		B40F8E21232FD69900088BA0 /* HomeConfigurator.swift in Sources */ = {isa = PBXBuildFile; fileRef = B40F8E1A232FD69900088BA0 /* HomeConfigurator.swift */; };
		B40F8E2A232FD6C700088BA0 /* FavoritesPresenter.swift in Sources */ = {isa = PBXBuildFile; fileRef = B40F8E23232FD6C700088BA0 /* FavoritesPresenter.swift */; };
		B40F8E2B232FD6C700088BA0 /* FavoritesWorker.swift in Sources */ = {isa = PBXBuildFile; fileRef = B40F8E24232FD6C700088BA0 /* FavoritesWorker.swift */; };
		B40F8E2C232FD6C700088BA0 /* FavoritesRouter.swift in Sources */ = {isa = PBXBuildFile; fileRef = B40F8E25232FD6C700088BA0 /* FavoritesRouter.swift */; };
		B40F8E2D232FD6C700088BA0 /* FavoritesModels.swift in Sources */ = {isa = PBXBuildFile; fileRef = B40F8E26232FD6C700088BA0 /* FavoritesModels.swift */; };
		B40F8E2E232FD6C700088BA0 /* FavoritesViewController.swift in Sources */ = {isa = PBXBuildFile; fileRef = B40F8E27232FD6C700088BA0 /* FavoritesViewController.swift */; };
		B40F8E2F232FD6C700088BA0 /* FavoritesInteractor.swift in Sources */ = {isa = PBXBuildFile; fileRef = B40F8E28232FD6C700088BA0 /* FavoritesInteractor.swift */; };
		B40F8E30232FD6C700088BA0 /* FavoritesConfigurator.swift in Sources */ = {isa = PBXBuildFile; fileRef = B40F8E29232FD6C700088BA0 /* FavoritesConfigurator.swift */; };
		B40F8E32232FD6E200088BA0 /* Home.storyboard in Resources */ = {isa = PBXBuildFile; fileRef = B40F8E31232FD6E200088BA0 /* Home.storyboard */; };
		B40F8E34232FD6F700088BA0 /* Favorites.storyboard in Resources */ = {isa = PBXBuildFile; fileRef = B40F8E33232FD6F700088BA0 /* Favorites.storyboard */; };
		B40F8E36232FDA7200088BA0 /* Home.graphql in Resources */ = {isa = PBXBuildFile; fileRef = B40F8E35232FDA7200088BA0 /* Home.graphql */; };
		B468C60F23269EE200A7137F /* Apollo.swift in Sources */ = {isa = PBXBuildFile; fileRef = B468C60E23269EE200A7137F /* Apollo.swift */; };
		B468C61123269F3C00A7137F /* schema.json in Resources */ = {isa = PBXBuildFile; fileRef = B468C61023269F3C00A7137F /* schema.json */; };
		B468C61B2326B74E00A7137F /* API.swift in Sources */ = {isa = PBXBuildFile; fileRef = B468C61A2326B74E00A7137F /* API.swift */; };
		B4F2DCBD231C3AC400E4AA66 /* Dashboard.storyboard in Resources */ = {isa = PBXBuildFile; fileRef = B4F2DCBC231C3AC400E4AA66 /* Dashboard.storyboard */; };
		B4F2DCBF231C3AD100E4AA66 /* MainAppRouter.swift in Sources */ = {isa = PBXBuildFile; fileRef = B4F2DCBE231C3AD100E4AA66 /* MainAppRouter.swift */; };
		B4F980FE231C310B00EBF740 /* AppDelegate.swift in Sources */ = {isa = PBXBuildFile; fileRef = B4F980FD231C310B00EBF740 /* AppDelegate.swift */; };
		B4F98106231C310B00EBF740 /* ScanTree.xcdatamodeld in Sources */ = {isa = PBXBuildFile; fileRef = B4F98104231C310B00EBF740 /* ScanTree.xcdatamodeld */; };
		B4F98108231C310C00EBF740 /* Assets.xcassets in Resources */ = {isa = PBXBuildFile; fileRef = B4F98107231C310C00EBF740 /* Assets.xcassets */; };
		B4F9810B231C310C00EBF740 /* LaunchScreen.storyboard in Resources */ = {isa = PBXBuildFile; fileRef = B4F98109231C310C00EBF740 /* LaunchScreen.storyboard */; };
		B4F98129231C349300EBF740 /* FieldValidator.swift in Sources */ = {isa = PBXBuildFile; fileRef = B4F98128231C349300EBF740 /* FieldValidator.swift */; };
		B4F9812C231C34B800EBF740 /* Router.swift in Sources */ = {isa = PBXBuildFile; fileRef = B4F9812B231C34B800EBF740 /* Router.swift */; };
		B4F9812F231C34E100EBF740 /* AppDebug.swift in Sources */ = {isa = PBXBuildFile; fileRef = B4F9812E231C34E100EBF740 /* AppDebug.swift */; };
		B4F98133231C352700EBF740 /* UIViewExtensions.swift in Sources */ = {isa = PBXBuildFile; fileRef = B4F98132231C352700EBF740 /* UIViewExtensions.swift */; };
		B4F98135231C354B00EBF740 /* UIViewControllerExtensions.swift in Sources */ = {isa = PBXBuildFile; fileRef = B4F98134231C354B00EBF740 /* UIViewControllerExtensions.swift */; };
		B4F98139231C35BB00EBF740 /* SVProgressHUDExtensions.swift in Sources */ = {isa = PBXBuildFile; fileRef = B4F98138231C35BB00EBF740 /* SVProgressHUDExtensions.swift */; };
		B4F9813C231C35D700EBF740 /* GradientView.swift in Sources */ = {isa = PBXBuildFile; fileRef = B4F9813B231C35D700EBF740 /* GradientView.swift */; };
		B4F98143231C36DA00EBF740 /* UnderlinedView.swift in Sources */ = {isa = PBXBuildFile; fileRef = B4F98142231C36DA00EBF740 /* UnderlinedView.swift */; };
		B4F98145231C36E200EBF740 /* UnderlinedTextField.swift in Sources */ = {isa = PBXBuildFile; fileRef = B4F98144231C36E200EBF740 /* UnderlinedTextField.swift */; };
/* End PBXBuildFile section */

/* Begin PBXFileReference section */
		26ECC48DE49D5999638F0C8A /* Pods-ScanTree.debug.xcconfig */ = {isa = PBXFileReference; includeInIndex = 1; lastKnownFileType = text.xcconfig; name = "Pods-ScanTree.debug.xcconfig"; path = "Target Support Files/Pods-ScanTree/Pods-ScanTree.debug.xcconfig"; sourceTree = "<group>"; };
		8C235B74CEFCF6F381F3AD90 /* Pods-ScanTree.release.xcconfig */ = {isa = PBXFileReference; includeInIndex = 1; lastKnownFileType = text.xcconfig; name = "Pods-ScanTree.release.xcconfig"; path = "Target Support Files/Pods-ScanTree/Pods-ScanTree.release.xcconfig"; sourceTree = "<group>"; };
		B409A3B7232FDFFB00BBC330 /* ProductTableViewCell.swift */ = {isa = PBXFileReference; lastKnownFileType = sourcecode.swift; path = ProductTableViewCell.swift; sourceTree = "<group>"; };
		B409A3B8232FDFFB00BBC330 /* ProductTableViewCell.xib */ = {isa = PBXFileReference; lastKnownFileType = file.xib; path = ProductTableViewCell.xib; sourceTree = "<group>"; };
		B409A3BC232FEA4A00BBC330 /* ProductDetailsPresenter.swift */ = {isa = PBXFileReference; lastKnownFileType = sourcecode.swift; path = ProductDetailsPresenter.swift; sourceTree = "<group>"; };
		B409A3BD232FEA4A00BBC330 /* ProductDetailsWorker.swift */ = {isa = PBXFileReference; lastKnownFileType = sourcecode.swift; path = ProductDetailsWorker.swift; sourceTree = "<group>"; };
		B409A3BE232FEA4A00BBC330 /* ProductDetailsRouter.swift */ = {isa = PBXFileReference; lastKnownFileType = sourcecode.swift; path = ProductDetailsRouter.swift; sourceTree = "<group>"; };
		B409A3BF232FEA4A00BBC330 /* ProductDetailsModels.swift */ = {isa = PBXFileReference; lastKnownFileType = sourcecode.swift; path = ProductDetailsModels.swift; sourceTree = "<group>"; };
		B409A3C0232FEA4A00BBC330 /* ProductDetailsViewController.swift */ = {isa = PBXFileReference; lastKnownFileType = sourcecode.swift; path = ProductDetailsViewController.swift; sourceTree = "<group>"; };
		B409A3C1232FEA4A00BBC330 /* ProductDetailsInteractor.swift */ = {isa = PBXFileReference; lastKnownFileType = sourcecode.swift; path = ProductDetailsInteractor.swift; sourceTree = "<group>"; };
		B409A3C2232FEA4A00BBC330 /* ProductDetailsConfigurator.swift */ = {isa = PBXFileReference; lastKnownFileType = sourcecode.swift; path = ProductDetailsConfigurator.swift; sourceTree = "<group>"; };
		B409A3CF232FF73600BBC330 /* DatabaseWorker.swift */ = {isa = PBXFileReference; lastKnownFileType = sourcecode.swift; path = DatabaseWorker.swift; sourceTree = "<group>"; };
		B409A3D6232FF7FD00BBC330 /* ProductManagedObject+CoreDataClass.swift */ = {isa = PBXFileReference; lastKnownFileType = sourcecode.swift; path = "ProductManagedObject+CoreDataClass.swift"; sourceTree = "<group>"; };
		B409A3D7232FF7FD00BBC330 /* ProductManagedObject+CoreDataProperties.swift */ = {isa = PBXFileReference; lastKnownFileType = sourcecode.swift; path = "ProductManagedObject+CoreDataProperties.swift"; sourceTree = "<group>"; };
		B40F8E12232FD64C00088BA0 /* APIModels.swift */ = {isa = PBXFileReference; lastKnownFileType = sourcecode.swift; path = APIModels.swift; sourceTree = "<group>"; };
		B40F8E14232FD69900088BA0 /* HomePresenter.swift */ = {isa = PBXFileReference; lastKnownFileType = sourcecode.swift; path = HomePresenter.swift; sourceTree = "<group>"; };
		B40F8E15232FD69900088BA0 /* HomeWorker.swift */ = {isa = PBXFileReference; lastKnownFileType = sourcecode.swift; path = HomeWorker.swift; sourceTree = "<group>"; };
		B40F8E16232FD69900088BA0 /* HomeRouter.swift */ = {isa = PBXFileReference; lastKnownFileType = sourcecode.swift; path = HomeRouter.swift; sourceTree = "<group>"; };
		B40F8E17232FD69900088BA0 /* HomeModels.swift */ = {isa = PBXFileReference; lastKnownFileType = sourcecode.swift; path = HomeModels.swift; sourceTree = "<group>"; };
		B40F8E18232FD69900088BA0 /* HomeViewController.swift */ = {isa = PBXFileReference; lastKnownFileType = sourcecode.swift; path = HomeViewController.swift; sourceTree = "<group>"; };
		B40F8E19232FD69900088BA0 /* HomeInteractor.swift */ = {isa = PBXFileReference; lastKnownFileType = sourcecode.swift; path = HomeInteractor.swift; sourceTree = "<group>"; };
		B40F8E1A232FD69900088BA0 /* HomeConfigurator.swift */ = {isa = PBXFileReference; lastKnownFileType = sourcecode.swift; path = HomeConfigurator.swift; sourceTree = "<group>"; };
		B40F8E23232FD6C700088BA0 /* FavoritesPresenter.swift */ = {isa = PBXFileReference; lastKnownFileType = sourcecode.swift; path = FavoritesPresenter.swift; sourceTree = "<group>"; };
		B40F8E24232FD6C700088BA0 /* FavoritesWorker.swift */ = {isa = PBXFileReference; lastKnownFileType = sourcecode.swift; path = FavoritesWorker.swift; sourceTree = "<group>"; };
		B40F8E25232FD6C700088BA0 /* FavoritesRouter.swift */ = {isa = PBXFileReference; lastKnownFileType = sourcecode.swift; path = FavoritesRouter.swift; sourceTree = "<group>"; };
		B40F8E26232FD6C700088BA0 /* FavoritesModels.swift */ = {isa = PBXFileReference; lastKnownFileType = sourcecode.swift; path = FavoritesModels.swift; sourceTree = "<group>"; };
		B40F8E27232FD6C700088BA0 /* FavoritesViewController.swift */ = {isa = PBXFileReference; lastKnownFileType = sourcecode.swift; path = FavoritesViewController.swift; sourceTree = "<group>"; };
		B40F8E28232FD6C700088BA0 /* FavoritesInteractor.swift */ = {isa = PBXFileReference; lastKnownFileType = sourcecode.swift; path = FavoritesInteractor.swift; sourceTree = "<group>"; };
		B40F8E29232FD6C700088BA0 /* FavoritesConfigurator.swift */ = {isa = PBXFileReference; lastKnownFileType = sourcecode.swift; path = FavoritesConfigurator.swift; sourceTree = "<group>"; };
		B40F8E31232FD6E200088BA0 /* Home.storyboard */ = {isa = PBXFileReference; fileEncoding = 4; lastKnownFileType = file.storyboard; path = Home.storyboard; sourceTree = "<group>"; };
		B40F8E33232FD6F700088BA0 /* Favorites.storyboard */ = {isa = PBXFileReference; fileEncoding = 4; lastKnownFileType = file.storyboard; path = Favorites.storyboard; sourceTree = "<group>"; };
		B40F8E35232FDA7200088BA0 /* Home.graphql */ = {isa = PBXFileReference; lastKnownFileType = text; path = Home.graphql; sourceTree = "<group>"; };
		B468C60E23269EE200A7137F /* Apollo.swift */ = {isa = PBXFileReference; lastKnownFileType = sourcecode.swift; path = Apollo.swift; sourceTree = "<group>"; };
		B468C61023269F3C00A7137F /* schema.json */ = {isa = PBXFileReference; fileEncoding = 4; lastKnownFileType = text.json; path = schema.json; sourceTree = SOURCE_ROOT; };
		B468C61A2326B74E00A7137F /* API.swift */ = {isa = PBXFileReference; fileEncoding = 4; lastKnownFileType = sourcecode.swift; path = API.swift; sourceTree = SOURCE_ROOT; };
		B4F2DCBC231C3AC400E4AA66 /* Dashboard.storyboard */ = {isa = PBXFileReference; lastKnownFileType = file.storyboard; path = Dashboard.storyboard; sourceTree = "<group>"; };
		B4F2DCBE231C3AD100E4AA66 /* MainAppRouter.swift */ = {isa = PBXFileReference; lastKnownFileType = sourcecode.swift; path = MainAppRouter.swift; sourceTree = "<group>"; };
		B4F980FA231C310B00EBF740 /* ScanTree.app */ = {isa = PBXFileReference; explicitFileType = wrapper.application; includeInIndex = 0; path = ScanTree.app; sourceTree = BUILT_PRODUCTS_DIR; };
		B4F980FD231C310B00EBF740 /* AppDelegate.swift */ = {isa = PBXFileReference; lastKnownFileType = sourcecode.swift; path = AppDelegate.swift; sourceTree = "<group>"; };
		B4F98105231C310B00EBF740 /* ScanTree.xcdatamodel */ = {isa = PBXFileReference; lastKnownFileType = wrapper.xcdatamodel; path = ScanTree.xcdatamodel; sourceTree = "<group>"; };
		B4F98107231C310C00EBF740 /* Assets.xcassets */ = {isa = PBXFileReference; lastKnownFileType = folder.assetcatalog; path = Assets.xcassets; sourceTree = "<group>"; };
		B4F9810A231C310C00EBF740 /* Base */ = {isa = PBXFileReference; lastKnownFileType = file.storyboard; name = Base; path = Base.lproj/LaunchScreen.storyboard; sourceTree = "<group>"; };
		B4F9810C231C310C00EBF740 /* Info.plist */ = {isa = PBXFileReference; lastKnownFileType = text.plist.xml; path = Info.plist; sourceTree = "<group>"; };
		B4F98128231C349300EBF740 /* FieldValidator.swift */ = {isa = PBXFileReference; lastKnownFileType = sourcecode.swift; path = FieldValidator.swift; sourceTree = "<group>"; };
		B4F9812B231C34B800EBF740 /* Router.swift */ = {isa = PBXFileReference; lastKnownFileType = sourcecode.swift; path = Router.swift; sourceTree = "<group>"; };
		B4F9812E231C34E100EBF740 /* AppDebug.swift */ = {isa = PBXFileReference; lastKnownFileType = sourcecode.swift; path = AppDebug.swift; sourceTree = "<group>"; };
		B4F98132231C352700EBF740 /* UIViewExtensions.swift */ = {isa = PBXFileReference; lastKnownFileType = sourcecode.swift; path = UIViewExtensions.swift; sourceTree = "<group>"; };
		B4F98134231C354B00EBF740 /* UIViewControllerExtensions.swift */ = {isa = PBXFileReference; lastKnownFileType = sourcecode.swift; path = UIViewControllerExtensions.swift; sourceTree = "<group>"; };
		B4F98138231C35BB00EBF740 /* SVProgressHUDExtensions.swift */ = {isa = PBXFileReference; lastKnownFileType = sourcecode.swift; path = SVProgressHUDExtensions.swift; sourceTree = "<group>"; };
		B4F9813B231C35D700EBF740 /* GradientView.swift */ = {isa = PBXFileReference; lastKnownFileType = sourcecode.swift; path = GradientView.swift; sourceTree = "<group>"; };
		B4F98142231C36DA00EBF740 /* UnderlinedView.swift */ = {isa = PBXFileReference; lastKnownFileType = sourcecode.swift; path = UnderlinedView.swift; sourceTree = "<group>"; };
		B4F98144231C36E200EBF740 /* UnderlinedTextField.swift */ = {isa = PBXFileReference; lastKnownFileType = sourcecode.swift; path = UnderlinedTextField.swift; sourceTree = "<group>"; };
		BCD06D937B3FEB5D0FD679DD /* Pods_ScanTree.framework */ = {isa = PBXFileReference; explicitFileType = wrapper.framework; includeInIndex = 0; path = Pods_ScanTree.framework; sourceTree = BUILT_PRODUCTS_DIR; };
/* End PBXFileReference section */

/* Begin PBXFrameworksBuildPhase section */
		B4F980F7231C310B00EBF740 /* Frameworks */ = {
			isa = PBXFrameworksBuildPhase;
			buildActionMask = 2147483647;
			files = (
				1825C45F6361E47E4FA94974 /* Pods_ScanTree.framework in Frameworks */,
			);
			runOnlyForDeploymentPostprocessing = 0;
		};
/* End PBXFrameworksBuildPhase section */

/* Begin PBXGroup section */
		03951D14775E12B08A9B3203 /* Frameworks */ = {
			isa = PBXGroup;
			children = (
				BCD06D937B3FEB5D0FD679DD /* Pods_ScanTree.framework */,
			);
			name = Frameworks;
			sourceTree = "<group>";
		};
		31F9768462FB1A70F3BC8056 /* Pods */ = {
			isa = PBXGroup;
			children = (
				26ECC48DE49D5999638F0C8A /* Pods-ScanTree.debug.xcconfig */,
				8C235B74CEFCF6F381F3AD90 /* Pods-ScanTree.release.xcconfig */,
			);
			path = Pods;
			sourceTree = "<group>";
		};
		B409A3B6232FDFEB00BBC330 /* Cells */ = {
			isa = PBXGroup;
			children = (
				B409A3B7232FDFFB00BBC330 /* ProductTableViewCell.swift */,
				B409A3B8232FDFFB00BBC330 /* ProductTableViewCell.xib */,
			);
			path = Cells;
			sourceTree = "<group>";
		};
		B409A3BB232FEA3200BBC330 /* ProductDetails */ = {
			isa = PBXGroup;
			children = (
				B409A3D1232FF7D100BBC330 /* Models */,
				B409A3BC232FEA4A00BBC330 /* ProductDetailsPresenter.swift */,
				B409A3BD232FEA4A00BBC330 /* ProductDetailsWorker.swift */,
				B409A3BE232FEA4A00BBC330 /* ProductDetailsRouter.swift */,
				B409A3BF232FEA4A00BBC330 /* ProductDetailsModels.swift */,
				B409A3C0232FEA4A00BBC330 /* ProductDetailsViewController.swift */,
				B409A3C1232FEA4A00BBC330 /* ProductDetailsInteractor.swift */,
				B409A3C2232FEA4A00BBC330 /* ProductDetailsConfigurator.swift */,
			);
			path = ProductDetails;
			sourceTree = "<group>";
		};
		B409A3CE232FF72700BBC330 /* Workers */ = {
			isa = PBXGroup;
			children = (
				B409A3CF232FF73600BBC330 /* DatabaseWorker.swift */,
			);
			path = Workers;
			sourceTree = "<group>";
		};
		B409A3D1232FF7D100BBC330 /* Models */ = {
			isa = PBXGroup;
			children = (
				B409A3D6232FF7FD00BBC330 /* ProductManagedObject+CoreDataClass.swift */,
				B409A3D7232FF7FD00BBC330 /* ProductManagedObject+CoreDataProperties.swift */,
			);
			path = Models;
			sourceTree = "<group>";
		};
		B40F8E22232FD69C00088BA0 /* Favorites */ = {
			isa = PBXGroup;
			children = (
				B40F8E33232FD6F700088BA0 /* Favorites.storyboard */,
				B40F8E23232FD6C700088BA0 /* FavoritesPresenter.swift */,
				B40F8E24232FD6C700088BA0 /* FavoritesWorker.swift */,
				B40F8E25232FD6C700088BA0 /* FavoritesRouter.swift */,
				B40F8E26232FD6C700088BA0 /* FavoritesModels.swift */,
				B40F8E27232FD6C700088BA0 /* FavoritesViewController.swift */,
				B40F8E28232FD6C700088BA0 /* FavoritesInteractor.swift */,
				B40F8E29232FD6C700088BA0 /* FavoritesConfigurator.swift */,
			);
			path = Favorites;
			sourceTree = "<group>";
		};
		B468C60D23269ED700A7137F /* Networking */ = {
			isa = PBXGroup;
			children = (
				B468C60E23269EE200A7137F /* Apollo.swift */,
				B40F8E12232FD64C00088BA0 /* APIModels.swift */,
			);
			path = Networking;
			sourceTree = "<group>";
		};
		B4F2DCBB231C3AB200E4AA66 /* Home */ = {
			isa = PBXGroup;
			children = (
				B409A3B6232FDFEB00BBC330 /* Cells */,
				B40F8E31232FD6E200088BA0 /* Home.storyboard */,
				B40F8E14232FD69900088BA0 /* HomePresenter.swift */,
				B40F8E15232FD69900088BA0 /* HomeWorker.swift */,
				B40F8E16232FD69900088BA0 /* HomeRouter.swift */,
				B40F8E17232FD69900088BA0 /* HomeModels.swift */,
				B40F8E18232FD69900088BA0 /* HomeViewController.swift */,
				B40F8E19232FD69900088BA0 /* HomeInteractor.swift */,
				B40F8E1A232FD69900088BA0 /* HomeConfigurator.swift */,
				B40F8E35232FDA7200088BA0 /* Home.graphql */,
				B409A3BB232FEA3200BBC330 /* ProductDetails */,
			);
			path = Home;
			sourceTree = "<group>";
		};
		B4F980F1231C310B00EBF740 = {
			isa = PBXGroup;
			children = (
				B4F980FC231C310B00EBF740 /* ScanTree */,
				B4F980FB231C310B00EBF740 /* Products */,
				31F9768462FB1A70F3BC8056 /* Pods */,
				03951D14775E12B08A9B3203 /* Frameworks */,
			);
			sourceTree = "<group>";
		};
		B4F980FB231C310B00EBF740 /* Products */ = {
			isa = PBXGroup;
			children = (
				B4F980FA231C310B00EBF740 /* ScanTree.app */,
			);
			name = Products;
			sourceTree = "<group>";
		};
		B4F980FC231C310B00EBF740 /* ScanTree */ = {
			isa = PBXGroup;
			children = (
				B4F98113231C31C100EBF740 /* Common */,
				B4F98112231C31BD00EBF740 /* Scenes */,
				B4F980FD231C310B00EBF740 /* AppDelegate.swift */,
				B4F98107231C310C00EBF740 /* Assets.xcassets */,
				B4F98109231C310C00EBF740 /* LaunchScreen.storyboard */,
				B4F9810C231C310C00EBF740 /* Info.plist */,
				B468C61023269F3C00A7137F /* schema.json */,
				B4F98104231C310B00EBF740 /* ScanTree.xcdatamodeld */,
				B468C61A2326B74E00A7137F /* API.swift */,
			);
			path = ScanTree;
			sourceTree = "<group>";
		};
		B4F98112231C31BD00EBF740 /* Scenes */ = {
			isa = PBXGroup;
			children = (
				B4F98115231C31D000EBF740 /* Dashboard */,
			);
			path = Scenes;
			sourceTree = "<group>";
		};
		B4F98113231C31C100EBF740 /* Common */ = {
			isa = PBXGroup;
			children = (
				B409A3CE232FF72700BBC330 /* Workers */,
				B468C60D23269ED700A7137F /* Networking */,
				B4F9813A231C35CE00EBF740 /* Views */,
				B4F98130231C351800EBF740 /* Extensions */,
				B4F9812D231C34D900EBF740 /* Utils */,
				B4F9812A231C34B000EBF740 /* Routers */,
				B4F98127231C348300EBF740 /* Validators */,
			);
			path = Common;
			sourceTree = "<group>";
		};
		B4F98115231C31D000EBF740 /* Dashboard */ = {
			isa = PBXGroup;
			children = (
				B4F2DCBC231C3AC400E4AA66 /* Dashboard.storyboard */,
				B4F2DCBB231C3AB200E4AA66 /* Home */,
				B40F8E22232FD69C00088BA0 /* Favorites */,
			);
			path = Dashboard;
			sourceTree = "<group>";
		};
		B4F98127231C348300EBF740 /* Validators */ = {
			isa = PBXGroup;
			children = (
				B4F98128231C349300EBF740 /* FieldValidator.swift */,
			);
			path = Validators;
			sourceTree = "<group>";
		};
		B4F9812A231C34B000EBF740 /* Routers */ = {
			isa = PBXGroup;
			children = (
				B4F9812B231C34B800EBF740 /* Router.swift */,
				B4F2DCBE231C3AD100E4AA66 /* MainAppRouter.swift */,
			);
			path = Routers;
			sourceTree = "<group>";
		};
		B4F9812D231C34D900EBF740 /* Utils */ = {
			isa = PBXGroup;
			children = (
				B4F9812E231C34E100EBF740 /* AppDebug.swift */,
			);
			path = Utils;
			sourceTree = "<group>";
		};
		B4F98130231C351800EBF740 /* Extensions */ = {
			isa = PBXGroup;
			children = (
				B4F98132231C352700EBF740 /* UIViewExtensions.swift */,
				B4F98134231C354B00EBF740 /* UIViewControllerExtensions.swift */,
				B4F98138231C35BB00EBF740 /* SVProgressHUDExtensions.swift */,
			);
			path = Extensions;
			sourceTree = "<group>";
		};
		B4F9813A231C35CE00EBF740 /* Views */ = {
			isa = PBXGroup;
			children = (
				B4F98141231C36CE00EBF740 /* UnderlinedTextField */,
				B4F9813B231C35D700EBF740 /* GradientView.swift */,
			);
			path = Views;
			sourceTree = "<group>";
		};
		B4F98141231C36CE00EBF740 /* UnderlinedTextField */ = {
			isa = PBXGroup;
			children = (
				B4F98142231C36DA00EBF740 /* UnderlinedView.swift */,
				B4F98144231C36E200EBF740 /* UnderlinedTextField.swift */,
			);
			path = UnderlinedTextField;
			sourceTree = "<group>";
		};
/* End PBXGroup section */

/* Begin PBXNativeTarget section */
		B4F980F9231C310B00EBF740 /* ScanTree */ = {
			isa = PBXNativeTarget;
			buildConfigurationList = B4F9810F231C310C00EBF740 /* Build configuration list for PBXNativeTarget "ScanTree" */;
			buildPhases = (
				9CB1F706AA4A2B77835FE71C /* [CP] Check Pods Manifest.lock */,
				B4F980F6231C310B00EBF740 /* Sources */,
				B4F980F7231C310B00EBF740 /* Frameworks */,
				B4F980F8231C310B00EBF740 /* Resources */,
				670CEC66088F8F195623696A /* [CP] Embed Pods Frameworks */,
				B468C6152326ACB300A7137F /* Generate Apollo GraphQL API */,
			);
			buildRules = (
			);
			dependencies = (
			);
			name = ScanTree;
			productName = ScanTree;
			productReference = B4F980FA231C310B00EBF740 /* ScanTree.app */;
			productType = "com.apple.product-type.application";
		};
/* End PBXNativeTarget section */

/* Begin PBXProject section */
		B4F980F2231C310B00EBF740 /* Project object */ = {
			isa = PBXProject;
			attributes = {
				LastSwiftUpdateCheck = 1020;
				LastUpgradeCheck = 1020;
				ORGANIZATIONNAME = "KamilZając";
				TargetAttributes = {
					B4F980F9231C310B00EBF740 = {
						CreatedOnToolsVersion = 10.2.1;
					};
				};
			};
			buildConfigurationList = B4F980F5231C310B00EBF740 /* Build configuration list for PBXProject "ScanTree" */;
			compatibilityVersion = "Xcode 9.3";
			developmentRegion = en;
			hasScannedForEncodings = 0;
			knownRegions = (
				en,
				Base,
			);
			mainGroup = B4F980F1231C310B00EBF740;
			productRefGroup = B4F980FB231C310B00EBF740 /* Products */;
			projectDirPath = "";
			projectRoot = "";
			targets = (
				B4F980F9231C310B00EBF740 /* ScanTree */,
			);
		};
/* End PBXProject section */

/* Begin PBXResourcesBuildPhase section */
		B4F980F8231C310B00EBF740 /* Resources */ = {
			isa = PBXResourcesBuildPhase;
			buildActionMask = 2147483647;
			files = (
				B40F8E32232FD6E200088BA0 /* Home.storyboard in Resources */,
				B40F8E36232FDA7200088BA0 /* Home.graphql in Resources */,
				B4F9810B231C310C00EBF740 /* LaunchScreen.storyboard in Resources */,
				B468C61123269F3C00A7137F /* schema.json in Resources */,
				B4F98108231C310C00EBF740 /* Assets.xcassets in Resources */,
				B409A3BA232FDFFB00BBC330 /* ProductTableViewCell.xib in Resources */,
				B40F8E34232FD6F700088BA0 /* Favorites.storyboard in Resources */,
				B4F2DCBD231C3AC400E4AA66 /* Dashboard.storyboard in Resources */,
			);
			runOnlyForDeploymentPostprocessing = 0;
		};
/* End PBXResourcesBuildPhase section */

/* Begin PBXShellScriptBuildPhase section */
		670CEC66088F8F195623696A /* [CP] Embed Pods Frameworks */ = {
			isa = PBXShellScriptBuildPhase;
			buildActionMask = 2147483647;
			files = (
			);
			inputFileListPaths = (
				"${PODS_ROOT}/Target Support Files/Pods-ScanTree/Pods-ScanTree-frameworks-${CONFIGURATION}-input-files.xcfilelist",
			);
			name = "[CP] Embed Pods Frameworks";
			outputFileListPaths = (
				"${PODS_ROOT}/Target Support Files/Pods-ScanTree/Pods-ScanTree-frameworks-${CONFIGURATION}-output-files.xcfilelist",
			);
			runOnlyForDeploymentPostprocessing = 0;
			shellPath = /bin/sh;
			shellScript = "\"${PODS_ROOT}/Target Support Files/Pods-ScanTree/Pods-ScanTree-frameworks.sh\"\n";
			showEnvVarsInLog = 0;
		};
		9CB1F706AA4A2B77835FE71C /* [CP] Check Pods Manifest.lock */ = {
			isa = PBXShellScriptBuildPhase;
			buildActionMask = 2147483647;
			files = (
			);
			inputFileListPaths = (
			);
			inputPaths = (
				"${PODS_PODFILE_DIR_PATH}/Podfile.lock",
				"${PODS_ROOT}/Manifest.lock",
			);
			name = "[CP] Check Pods Manifest.lock";
			outputFileListPaths = (
			);
			outputPaths = (
				"$(DERIVED_FILE_DIR)/Pods-ScanTree-checkManifestLockResult.txt",
			);
			runOnlyForDeploymentPostprocessing = 0;
			shellPath = /bin/sh;
			shellScript = "diff \"${PODS_PODFILE_DIR_PATH}/Podfile.lock\" \"${PODS_ROOT}/Manifest.lock\" > /dev/null\nif [ $? != 0 ] ; then\n    # print error to STDERR\n    echo \"error: The sandbox is not in sync with the Podfile.lock. Run 'pod install' or update your CocoaPods installation.\" >&2\n    exit 1\nfi\n# This output is used by Xcode 'outputs' to avoid re-running this script phase.\necho \"SUCCESS\" > \"${SCRIPT_OUTPUT_FILE_0}\"\n";
			showEnvVarsInLog = 0;
		};
		B468C6152326ACB300A7137F /* Generate Apollo GraphQL API */ = {
			isa = PBXShellScriptBuildPhase;
			buildActionMask = 2147483647;
			files = (
			);
			inputFileListPaths = (
			);
			inputPaths = (
			);
			name = "Generate Apollo GraphQL API";
			outputFileListPaths = (
			);
			outputPaths = (
			);
			runOnlyForDeploymentPostprocessing = 0;
			shellPath = /bin/sh;
			shellScript = "SCRIPT_PATH=\"${PODS_ROOT}/Apollo/scripts\"\ncd \"${SRCROOT}/ios/${TARGET_NAME}\"\n\"${SCRIPT_PATH}\"/check-and-run-apollo-cli.sh codegen:generate --target=swift --includes=./**/*.graphql --localSchemaFile=\"schema.json\" API.swift\n";
		};
/* End PBXShellScriptBuildPhase section */

/* Begin PBXSourcesBuildPhase section */
		B4F980F6231C310B00EBF740 /* Sources */ = {
			isa = PBXSourcesBuildPhase;
			buildActionMask = 2147483647;
			files = (
				B409A3D9232FF7FD00BBC330 /* ProductManagedObject+CoreDataProperties.swift in Sources */,
				B409A3D8232FF7FD00BBC330 /* ProductManagedObject+CoreDataClass.swift in Sources */,
				B468C61B2326B74E00A7137F /* API.swift in Sources */,
				B4F9812C231C34B800EBF740 /* Router.swift in Sources */,
				B4F98133231C352700EBF740 /* UIViewExtensions.swift in Sources */,
				B409A3C5232FEA4A00BBC330 /* ProductDetailsRouter.swift in Sources */,
				B4F98145231C36E200EBF740 /* UnderlinedTextField.swift in Sources */,
				B4F98106231C310B00EBF740 /* ScanTree.xcdatamodeld in Sources */,
				B409A3C6232FEA4A00BBC330 /* ProductDetailsModels.swift in Sources */,
				B40F8E30232FD6C700088BA0 /* FavoritesConfigurator.swift in Sources */,
				B4F2DCBF231C3AD100E4AA66 /* MainAppRouter.swift in Sources */,
				B40F8E2C232FD6C700088BA0 /* FavoritesRouter.swift in Sources */,
				B40F8E21232FD69900088BA0 /* HomeConfigurator.swift in Sources */,
				B40F8E20232FD69900088BA0 /* HomeInteractor.swift in Sources */,
				B40F8E2D232FD6C700088BA0 /* FavoritesModels.swift in Sources */,
				B468C60F23269EE200A7137F /* Apollo.swift in Sources */,
				B409A3C3232FEA4A00BBC330 /* ProductDetailsPresenter.swift in Sources */,
				B4F98143231C36DA00EBF740 /* UnderlinedView.swift in Sources */,
				B40F8E1B232FD69900088BA0 /* HomePresenter.swift in Sources */,
				B40F8E2A232FD6C700088BA0 /* FavoritesPresenter.swift in Sources */,
				B40F8E13232FD64C00088BA0 /* APIModels.swift in Sources */,
				B4F980FE231C310B00EBF740 /* AppDelegate.swift in Sources */,
				B409A3B9232FDFFB00BBC330 /* ProductTableViewCell.swift in Sources */,
				B409A3D0232FF73600BBC330 /* DatabaseWorker.swift in Sources */,
				B40F8E2E232FD6C700088BA0 /* FavoritesViewController.swift in Sources */,
				B409A3C9232FEA4A00BBC330 /* ProductDetailsConfigurator.swift in Sources */,
				B40F8E1C232FD69900088BA0 /* HomeWorker.swift in Sources */,
				B40F8E1F232FD69900088BA0 /* HomeViewController.swift in Sources */,
				B409A3C4232FEA4A00BBC330 /* ProductDetailsWorker.swift in Sources */,
				B40F8E1E232FD69900088BA0 /* HomeModels.swift in Sources */,
				B40F8E1D232FD69900088BA0 /* HomeRouter.swift in Sources */,
				B4F9813C231C35D700EBF740 /* GradientView.swift in Sources */,
				B409A3C7232FEA4A00BBC330 /* ProductDetailsViewController.swift in Sources */,
				B4F98135231C354B00EBF740 /* UIViewControllerExtensions.swift in Sources */,
				B40F8E2F232FD6C700088BA0 /* FavoritesInteractor.swift in Sources */,
				B409A3C8232FEA4A00BBC330 /* ProductDetailsInteractor.swift in Sources */,
				B4F9812F231C34E100EBF740 /* AppDebug.swift in Sources */,
				B4F98139231C35BB00EBF740 /* SVProgressHUDExtensions.swift in Sources */,
				B40F8E2B232FD6C700088BA0 /* FavoritesWorker.swift in Sources */,
				B4F98129231C349300EBF740 /* FieldValidator.swift in Sources */,
			);
			runOnlyForDeploymentPostprocessing = 0;
		};
/* End PBXSourcesBuildPhase section */

/* Begin PBXVariantGroup section */
		B4F98109231C310C00EBF740 /* LaunchScreen.storyboard */ = {
			isa = PBXVariantGroup;
			children = (
				B4F9810A231C310C00EBF740 /* Base */,
			);
			name = LaunchScreen.storyboard;
			sourceTree = "<group>";
		};
/* End PBXVariantGroup section */

/* Begin XCBuildConfiguration section */
		B4F9810D231C310C00EBF740 /* Debug */ = {
			isa = XCBuildConfiguration;
			buildSettings = {
				ALWAYS_SEARCH_USER_PATHS = NO;
				CLANG_ANALYZER_NONNULL = YES;
				CLANG_ANALYZER_NUMBER_OBJECT_CONVERSION = YES_AGGRESSIVE;
				CLANG_CXX_LANGUAGE_STANDARD = "gnu++14";
				CLANG_CXX_LIBRARY = "libc++";
				CLANG_ENABLE_MODULES = YES;
				CLANG_ENABLE_OBJC_ARC = YES;
				CLANG_ENABLE_OBJC_WEAK = YES;
				CLANG_WARN_BLOCK_CAPTURE_AUTORELEASING = YES;
				CLANG_WARN_BOOL_CONVERSION = YES;
				CLANG_WARN_COMMA = YES;
				CLANG_WARN_CONSTANT_CONVERSION = YES;
				CLANG_WARN_DEPRECATED_OBJC_IMPLEMENTATIONS = YES;
				CLANG_WARN_DIRECT_OBJC_ISA_USAGE = YES_ERROR;
				CLANG_WARN_DOCUMENTATION_COMMENTS = YES;
				CLANG_WARN_EMPTY_BODY = YES;
				CLANG_WARN_ENUM_CONVERSION = YES;
				CLANG_WARN_INFINITE_RECURSION = YES;
				CLANG_WARN_INT_CONVERSION = YES;
				CLANG_WARN_NON_LITERAL_NULL_CONVERSION = YES;
				CLANG_WARN_OBJC_IMPLICIT_RETAIN_SELF = YES;
				CLANG_WARN_OBJC_LITERAL_CONVERSION = YES;
				CLANG_WARN_OBJC_ROOT_CLASS = YES_ERROR;
				CLANG_WARN_RANGE_LOOP_ANALYSIS = YES;
				CLANG_WARN_STRICT_PROTOTYPES = YES;
				CLANG_WARN_SUSPICIOUS_MOVE = YES;
				CLANG_WARN_UNGUARDED_AVAILABILITY = YES_AGGRESSIVE;
				CLANG_WARN_UNREACHABLE_CODE = YES;
				CLANG_WARN__DUPLICATE_METHOD_MATCH = YES;
				CODE_SIGN_IDENTITY = "iPhone Developer";
				COPY_PHASE_STRIP = NO;
				DEBUG_INFORMATION_FORMAT = dwarf;
				ENABLE_STRICT_OBJC_MSGSEND = YES;
				ENABLE_TESTABILITY = YES;
				GCC_C_LANGUAGE_STANDARD = gnu11;
				GCC_DYNAMIC_NO_PIC = NO;
				GCC_NO_COMMON_BLOCKS = YES;
				GCC_OPTIMIZATION_LEVEL = 0;
				GCC_PREPROCESSOR_DEFINITIONS = (
					"DEBUG=1",
					"$(inherited)",
				);
				GCC_WARN_64_TO_32_BIT_CONVERSION = YES;
				GCC_WARN_ABOUT_RETURN_TYPE = YES_ERROR;
				GCC_WARN_UNDECLARED_SELECTOR = YES;
				GCC_WARN_UNINITIALIZED_AUTOS = YES_AGGRESSIVE;
				GCC_WARN_UNUSED_FUNCTION = YES;
				GCC_WARN_UNUSED_VARIABLE = YES;
				IPHONEOS_DEPLOYMENT_TARGET = 12.2;
				MTL_ENABLE_DEBUG_INFO = INCLUDE_SOURCE;
				MTL_FAST_MATH = YES;
				ONLY_ACTIVE_ARCH = YES;
				SDKROOT = iphoneos;
				SWIFT_ACTIVE_COMPILATION_CONDITIONS = DEBUG;
				SWIFT_OPTIMIZATION_LEVEL = "-Onone";
			};
			name = Debug;
		};
		B4F9810E231C310C00EBF740 /* Release */ = {
			isa = XCBuildConfiguration;
			buildSettings = {
				ALWAYS_SEARCH_USER_PATHS = NO;
				CLANG_ANALYZER_NONNULL = YES;
				CLANG_ANALYZER_NUMBER_OBJECT_CONVERSION = YES_AGGRESSIVE;
				CLANG_CXX_LANGUAGE_STANDARD = "gnu++14";
				CLANG_CXX_LIBRARY = "libc++";
				CLANG_ENABLE_MODULES = YES;
				CLANG_ENABLE_OBJC_ARC = YES;
				CLANG_ENABLE_OBJC_WEAK = YES;
				CLANG_WARN_BLOCK_CAPTURE_AUTORELEASING = YES;
				CLANG_WARN_BOOL_CONVERSION = YES;
				CLANG_WARN_COMMA = YES;
				CLANG_WARN_CONSTANT_CONVERSION = YES;
				CLANG_WARN_DEPRECATED_OBJC_IMPLEMENTATIONS = YES;
				CLANG_WARN_DIRECT_OBJC_ISA_USAGE = YES_ERROR;
				CLANG_WARN_DOCUMENTATION_COMMENTS = YES;
				CLANG_WARN_EMPTY_BODY = YES;
				CLANG_WARN_ENUM_CONVERSION = YES;
				CLANG_WARN_INFINITE_RECURSION = YES;
				CLANG_WARN_INT_CONVERSION = YES;
				CLANG_WARN_NON_LITERAL_NULL_CONVERSION = YES;
				CLANG_WARN_OBJC_IMPLICIT_RETAIN_SELF = YES;
				CLANG_WARN_OBJC_LITERAL_CONVERSION = YES;
				CLANG_WARN_OBJC_ROOT_CLASS = YES_ERROR;
				CLANG_WARN_RANGE_LOOP_ANALYSIS = YES;
				CLANG_WARN_STRICT_PROTOTYPES = YES;
				CLANG_WARN_SUSPICIOUS_MOVE = YES;
				CLANG_WARN_UNGUARDED_AVAILABILITY = YES_AGGRESSIVE;
				CLANG_WARN_UNREACHABLE_CODE = YES;
				CLANG_WARN__DUPLICATE_METHOD_MATCH = YES;
				CODE_SIGN_IDENTITY = "iPhone Developer";
				COPY_PHASE_STRIP = NO;
				DEBUG_INFORMATION_FORMAT = "dwarf-with-dsym";
				ENABLE_NS_ASSERTIONS = NO;
				ENABLE_STRICT_OBJC_MSGSEND = YES;
				GCC_C_LANGUAGE_STANDARD = gnu11;
				GCC_NO_COMMON_BLOCKS = YES;
				GCC_WARN_64_TO_32_BIT_CONVERSION = YES;
				GCC_WARN_ABOUT_RETURN_TYPE = YES_ERROR;
				GCC_WARN_UNDECLARED_SELECTOR = YES;
				GCC_WARN_UNINITIALIZED_AUTOS = YES_AGGRESSIVE;
				GCC_WARN_UNUSED_FUNCTION = YES;
				GCC_WARN_UNUSED_VARIABLE = YES;
				IPHONEOS_DEPLOYMENT_TARGET = 12.2;
				MTL_ENABLE_DEBUG_INFO = NO;
				MTL_FAST_MATH = YES;
				SDKROOT = iphoneos;
				SWIFT_COMPILATION_MODE = wholemodule;
				SWIFT_OPTIMIZATION_LEVEL = "-O";
				VALIDATE_PRODUCT = YES;
			};
			name = Release;
		};
		B4F98110231C310C00EBF740 /* Debug */ = {
			isa = XCBuildConfiguration;
			baseConfigurationReference = 26ECC48DE49D5999638F0C8A /* Pods-ScanTree.debug.xcconfig */;
			buildSettings = {
				ASSETCATALOG_COMPILER_APPICON_NAME = AppIcon;
				CODE_SIGN_STYLE = Automatic;
				DEVELOPMENT_TEAM = 296AS6B7EJ;
				INFOPLIST_FILE = ScanTree/Info.plist;
				IPHONEOS_DEPLOYMENT_TARGET = 11.0;
				LD_RUNPATH_SEARCH_PATHS = (
					"$(inherited)",
					"@executable_path/Frameworks",
				);
				PRODUCT_BUNDLE_IDENTIFIER = com.kamilzajac.ScanTree;
				PRODUCT_NAME = "$(TARGET_NAME)";
				SWIFT_VERSION = 5.0;
				TARGETED_DEVICE_FAMILY = 1;
			};
			name = Debug;
		};
		B4F98111231C310C00EBF740 /* Release */ = {
			isa = XCBuildConfiguration;
			baseConfigurationReference = 8C235B74CEFCF6F381F3AD90 /* Pods-ScanTree.release.xcconfig */;
			buildSettings = {
				ASSETCATALOG_COMPILER_APPICON_NAME = AppIcon;
				CODE_SIGN_STYLE = Automatic;
				DEVELOPMENT_TEAM = 296AS6B7EJ;
				INFOPLIST_FILE = ScanTree/Info.plist;
				IPHONEOS_DEPLOYMENT_TARGET = 11.0;
				LD_RUNPATH_SEARCH_PATHS = (
					"$(inherited)",
					"@executable_path/Frameworks",
				);
				PRODUCT_BUNDLE_IDENTIFIER = com.kamilzajac.ScanTree;
				PRODUCT_NAME = "$(TARGET_NAME)";
				SWIFT_VERSION = 5.0;
				TARGETED_DEVICE_FAMILY = 1;
			};
			name = Release;
		};
/* End XCBuildConfiguration section */

/* Begin XCConfigurationList section */
		B4F980F5231C310B00EBF740 /* Build configuration list for PBXProject "ScanTree" */ = {
			isa = XCConfigurationList;
			buildConfigurations = (
				B4F9810D231C310C00EBF740 /* Debug */,
				B4F9810E231C310C00EBF740 /* Release */,
			);
			defaultConfigurationIsVisible = 0;
			defaultConfigurationName = Release;
		};
		B4F9810F231C310C00EBF740 /* Build configuration list for PBXNativeTarget "ScanTree" */ = {
			isa = XCConfigurationList;
			buildConfigurations = (
				B4F98110231C310C00EBF740 /* Debug */,
				B4F98111231C310C00EBF740 /* Release */,
			);
			defaultConfigurationIsVisible = 0;
			defaultConfigurationName = Release;
		};
/* End XCConfigurationList section */

/* Begin XCVersionGroup section */
		B4F98104231C310B00EBF740 /* ScanTree.xcdatamodeld */ = {
			isa = XCVersionGroup;
			children = (
				B4F98105231C310B00EBF740 /* ScanTree.xcdatamodel */,
			);
			currentVersion = B4F98105231C310B00EBF740 /* ScanTree.xcdatamodel */;
			path = ScanTree.xcdatamodeld;
			sourceTree = "<group>";
			versionGroupType = wrapper.xcdatamodel;
		};
/* End XCVersionGroup section */
	};
	rootObject = B4F980F2231C310B00EBF740 /* Project object */;
}
